vimagination.zapto.org/byteio v1.0.2 h1:B0EXdCTQPDCj+D3UyuLko9CYgxRGpbau1ydrCA1jT7A=
vimagination.zapto.org/byteio v1.0.2/go.mod h1:wd40f4fNg/FXkhOlTeB5B2G8bSLrMH6YX6PDtq3cApo=
vimagination.zapto.org/memio v1.0.0 h1:r0GDf430aNuGpOAV57UTvbUzAf82UclRyGG/pBp1uvU=
vimagination.zapto.org/memio v1.0.0/go.mod h1:zHGDKp2tyvF4IAfLti4pKYqCJucXYmmKMb3UMrCHK/4=
